
Microsoft Visual Studio Solution File, Format Version 12.00
# Visual Studio Version 16
VisualStudioVersion = 25.0.1706.14
MinimumVisualStudioVersion = 10.0.40219.1
Project("{FAE04EC0-301F-11D3-BF4B-00C04F79EFBC}") = "EsigGestãoDeTarefasApp", "EsigGestãoDeTarefasApp\EsigGestãoDeTarefasApp.csproj", "{ABB04469-B537-40B0-BA84-C7BCC2AE7D4B}"
EndProject
Global
	GlobalSection(SolutionConfigurationPlatforms) = preSolution
		Debug|Any CPU = Debug|Any CPU
		Release|Any CPU = Release|Any CPU
	EndGlobalSection
	GlobalSection(ProjectConfigurationPlatforms) = postSolution
		{ABB04469-B537-40B0-BA84-C7BCC2AE7D4B}.Debug|Any CPU.ActiveCfg = Debug|Any CPU
		{ABB04469-B537-40B0-BA84-C7BCC2AE7D4B}.Debug|Any CPU.Build.0 = Debug|Any CPU
		{ABB04469-B537-40B0-BA84-C7BCC2AE7D4B}.Release|Any CPU.ActiveCfg = Release|Any CPU
		{ABB04469-B537-40B0-BA84-C7BCC2AE7D4B}.Release|Any CPU.Build.0 = Release|Any CPU
	EndGlobalSection
	GlobalSection(SolutionProperties) = preSolution
		HideSolutionNode = FALSE
	EndGlobalSection
	GlobalSection(ExtensibilityGlobals) = postSolution
		SolutionGuid = {CD70FA78-7B5D-4511-9730-262CE3596503}
	EndGlobalSection
EndGlobal
